
Microsoft Visual Studio Solution File, Format Version 12.00
# Visual Studio 2013
VisualStudioVersion = 12.0.40629.0
MinimumVisualStudioVersion = 10.0.40219.1
Project("{FAE04EC0-301F-11D3-BF4B-00C04F79EFBC}") = "quiz", "..\src\quiz\quiz.csproj", "{AC4BBB47-C514-43D4-BF42-D0979E2F6893}"
EndProject
Project("{2150E333-8FDC-42A3-9474-1A3956D46DE8}") = "Solution Items", "Solution Items", "{F4764022-1979-456E-AD34-37FB7FF7CA18}"
	ProjectSection(SolutionItems) = preProject
		WebEssentials-Settings.json = WebEssentials-Settings.json
	EndProjectSection
EndProject
Global
	GlobalSection(SolutionConfigurationPlatforms) = preSolution
		Debug|Any CPU = Debug|Any CPU
		Release|Any CPU = Release|Any CPU
	EndGlobalSection
	GlobalSection(ProjectConfigurationPlatforms) = postSolution
		{AC4BBB47-C514-43D4-BF42-D0979E2F6893}.Debug|Any CPU.ActiveCfg = Debug|Any CPU
		{AC4BBB47-C514-43D4-BF42-D0979E2F6893}.Debug|Any CPU.Build.0 = Debug|Any CPU
		{AC4BBB47-C514-43D4-BF42-D0979E2F6893}.Release|Any CPU.ActiveCfg = Release|Any CPU
		{AC4BBB47-C514-43D4-BF42-D0979E2F6893}.Release|Any CPU.Build.0 = Release|Any CPU
	EndGlobalSection
	GlobalSection(SolutionProperties) = preSolution
		HideSolutionNode = FALSE
	EndGlobalSection
EndGlobal
